<?xml version="1.0" encoding="utf-8"?>
<Project ToolsVersion="4.0" xmlns="http://schemas.microsoft.com/developer/msbuild/2003">
  <ItemGroup>
    <Filter Include="Source Files">
      <UniqueIdentifier>{4FC737F1-C7A5-4376-A066-2A32D752A2FF}</UniqueIdentifier>
      <Extensions>cpp;c;cc;cxx;def;odl;idl;hpj;bat;asm;asmx</Extensions>
    </Filter>
    <Filter Include="Header Files">
      <UniqueIdentifier>{93995380-89BD-4b04-88EB-625FBE52EBFB}</UniqueIdentifier>
      <Extensions>h;hh;hpp;hxx;hm;inl;inc;xsd</Extensions>
    </Filter>
    <Filter Include="Resource Files">
      <UniqueIdentifier>{67DA6AB6-F800-4c08-8B7A-83BB121AAD01}</UniqueIdentifier>
      <Extensions>rc;ico;cur;bmp;dlg;rc2;rct;bin;rgs;gif;jpg;jpeg;jpe;resx;tiff;tif;png;wav;mfcribbon-ms</Extensions>
    </Filter>
    <Filter Include="Source Files\Boost">
      <UniqueIdentifier>{3987c94f-0824-48e1-90de-f1e759fdb1d3}</UniqueIdentifier>
    </Filter>
  </ItemGroup>
  <ItemGroup>
    <ClInclude Include="stdafx.h">
      <Filter>Header Files</Filter>
    </ClInclude>
    <ClInclude Include="targetver.h">
      <Filter>Header Files</Filter>
    </ClInclude>
    <ClInclude Include="resource.h">
      <Filter>Header Files</Filter>
    </ClInclude>
    <ClInclude Include="nformat.hpp">
      <Filter>Header Files</Filter>
    </ClInclude>
    <ClInclude Include="NtUserCallHook.hpp">
      <Filter>Header Files</Filter>
    </ClInclude>
    <ClInclude Include="CModifiedDialogImpl.hpp">
      <Filter>Header Files</Filter>
    </ClInclude>
    <ClInclude Include="BackgroundWorker.hpp">
      <Filter>Header Files</Filter>
    </ClInclude>
    <ClInclude Include="CDlgTemplate.hpp">
      <Filter>Header Files</Filter>
    </ClInclude>
    <ClInclude Include="path.hpp">
      <Filter>Header Files</Filter>
    </ClInclude>
    <ClInclude Include="ShellItemIDList.hpp">
      <Filter>Header Files</Filter>
    </ClInclude>
    <ClInclude Include="WinDDKFixes.hpp">
      <Filter>Header Files</Filter>
    </ClInclude>
    <ClInclude Include="string_matcher.hpp">
      <Filter>Header Files</Filter>
    </ClInclude>
  </ItemGroup>
  <ItemGroup>
    <ClCompile Include="stdafx.cpp">
      <Filter>Source Files</Filter>
    </ClCompile>
    <ClCompile Include="SwiftSearch.cpp">
      <Filter>Source Files</Filter>
    </ClCompile>
    <ClCompile Include="string_matcher.cpp">
      <Filter>Source Files</Filter>
    </ClCompile>
    <ClCompile Include="$(BOOST_ROOT)libs\regex\src\c_regex_traits.cpp">
      <Filter>Source Files\Boost</Filter>
    </ClCompile>
    <ClCompile Include="$(BOOST_ROOT)libs\regex\src\cpp_regex_traits.cpp">
      <Filter>Source Files\Boost</Filter>
    </ClCompile>
    <ClCompile Include="$(BOOST_ROOT)libs\regex\src\cregex.cpp">
      <Filter>Source Files\Boost</Filter>
    </ClCompile>
    <ClCompile Include="$(BOOST_ROOT)libs\regex\src\fileiter.cpp">
      <Filter>Source Files\Boost</Filter>
    </ClCompile>
    <ClCompile Include="$(BOOST_ROOT)libs\regex\src\icu.cpp">
      <Filter>Source Files\Boost</Filter>
    </ClCompile>
    <ClCompile Include="$(BOOST_ROOT)libs\regex\src\instances.cpp">
      <Filter>Source Files\Boost</Filter>
    </ClCompile>
    <ClCompile Include="$(BOOST_ROOT)libs\regex\src\posix_api.cpp">
      <Filter>Source Files\Boost</Filter>
    </ClCompile>
    <ClCompile Include="$(BOOST_ROOT)libs\regex\src\regex.cpp">
      <Filter>Source Files\Boost</Filter>
    </ClCompile>
    <ClCompile Include="$(BOOST_ROOT)libs\regex\src\regex_debug.cpp">
      <Filter>Source Files\Boost</Filter>
    </ClCompile>
    <ClCompile Include="$(BOOST_ROOT)libs\regex\src\regex_raw_buffer.cpp">
      <Filter>Source Files\Boost</Filter>
    </ClCompile>
    <ClCompile Include="$(BOOST_ROOT)libs\regex\src\regex_traits_defaults.cpp">
      <Filter>Source Files\Boost</Filter>
    </ClCompile>
    <ClCompile Include="$(BOOST_ROOT)libs\regex\src\static_mutex.cpp">
      <Filter>Source Files\Boost</Filter>
    </ClCompile>
    <ClCompile Include="$(BOOST_ROOT)libs\regex\src\usinstances.cpp">
      <Filter>Source Files\Boost</Filter>
    </ClCompile>
    <ClCompile Include="$(BOOST_ROOT)libs\regex\src\w32_regex_traits.cpp">
      <Filter>Source Files\Boost</Filter>
    </ClCompile>
    <ClCompile Include="$(BOOST_ROOT)libs\regex\src\wide_posix_api.cpp">
      <Filter>Source Files\Boost</Filter>
    </ClCompile>
    <ClCompile Include="$(BOOST_ROOT)libs\regex\src\wc_regex_traits.cpp">
      <Filter>Source Files\Boost</Filter>
    </ClCompile>
    <ClCompile Include="$(BOOST_ROOT)libs\regex\src\winstances.cpp">
      <Filter>Source Files\Boost</Filter>
    </ClCompile>
  </ItemGroup>
  <ItemGroup>
    <ResourceCompile Include="SwiftSearch.rc">
      <Filter>Resource Files</Filter>
    </ResourceCompile>
  </ItemGroup>
  <ItemGroup>
    <CustomBuild Include="CxxFrameHandler.asm">
      <Filter>Source Files</Filter>
    </CustomBuild>
    <CustomBuild Include="Clang-Compile.bat">
      <Filter>Source Files</Filter>
    </CustomBuild>
  </ItemGroup>
</Project>