<?xml version="1.0" encoding="utf-8"?>
<Project ToolsVersion="4.0" xmlns="http://schemas.microsoft.com/developer/msbuild/2003">
  <!-- Boost.Regex source files removed - Boost 1.90.0 made Regex header-only -->
  <ItemGroup>
    <ClCompile Include="UltraFastFileSearch.cpp" />
    <ClCompile Include="stdafx.cpp">
      <Filter>Include Files</Filter>
    </ClCompile>
    <ClCompile Include="string_matcher.cpp">
      <Filter>Include Files</Filter>
    </ClCompile>
  </ItemGroup>
  <ItemGroup>
    <CustomBuild Include="Clang-Compile.bat" />
    <CustomBuild Include="CxxFrameHandler.asm">
      <Filter>Include Files</Filter>
    </CustomBuild>
  </ItemGroup>
  <ItemGroup>
    <Filter Include="Resource Files">
      <UniqueIdentifier>{a56efbef-6231-4013-ba7f-c9fbb77c523c}</UniqueIdentifier>
    </Filter>
    <Filter Include="Include Files">
      <UniqueIdentifier>{671cc37b-775b-4612-a822-7d82c235f927}</UniqueIdentifier>
    </Filter>
  </ItemGroup>
  <ItemGroup>
    <ResourceCompile Include="UltraFastFileSearch.rc">
      <Filter>Resource Files</Filter>
    </ResourceCompile>
  </ItemGroup>
  <ItemGroup>
    <Image Include="Search Drive.ico">
      <Filter>Resource Files</Filter>
    </Image>
  </ItemGroup>
</Project>